<?xml version="1.0" encoding="UTF-8" standalone="yes" ?>
<CodeBlocks_project_file>
	<FileVersion major="1" minor="6" />
	<Project>
		<Option title="AYED-TP" />
		<Option pch_mode="2" />
		<Option compiler="gcc" />
		<Build>
			<Target title="Debug">
				<Option output="bin/Debug/AYED-TP" prefix_auto="1" extension_auto="1" />
				<Option object_output="obj/Debug/" />
				<Option type="1" />
				<Option compiler="gcc" />
				<Compiler>
					<Add option="-g" />
					<Add directory="/home/arbp97/Documents/Facultad/Algoritmos_y_Estructuras_de_Datos/Codigo/tda-practica2/src/headers" />
				</Compiler>
			</Target>
			<Target title="Release">
				<Option output="bin/Release/AYED-TP" prefix_auto="1" extension_auto="1" />
				<Option object_output="obj/Release/" />
				<Option type="1" />
				<Option compiler="gcc" />
				<Compiler>
					<Add option="-O2" />
				</Compiler>
				<Linker>
					<Add option="-s" />
				</Linker>
			</Target>
		</Build>
		<Compiler>
			<Add option="-Wall" />
			<Add option="-fexceptions" />
		</Compiler>
		<Unit filename="src/entities/seleccion.cpp" />
		<Unit filename="src/entities/usuario.cpp" />
		<Unit filename="src/entities/vino.cpp" />
		<Unit filename="src/headers/list.hpp" />
		<Unit filename="src/headers/seleccion.hpp" />
		<Unit filename="src/headers/usuario.hpp" />
		<Unit filename="src/headers/vino.hpp" />
		<Unit filename="src/lib/list.cpp" />
		<Unit filename="src/main.cpp" />
		<Extensions />
	</Project>
</CodeBlocks_project_file>
